// !$*UTF8*$!
{
	archiveVersion = 1;
	classes = {
	};
	objectVersion = 46;
	objects = {

/* Begin PBXBuildFile section */
		4C39248E1EF283F10028CE81 /* NSData+ImageContentType.m in Sources */ = {isa = PBXBuildFile; fileRef = 4C3924721EF283F10028CE81 /* NSData+ImageContentType.m */; };
		4C39248F1EF283F10028CE81 /* SDImageCache.m in Sources */ = {isa = PBXBuildFile; fileRef = 4C3924741EF283F10028CE81 /* SDImageCache.m */; };
		4C3924901EF283F10028CE81 /* SDWebImageCompat.m in Sources */ = {isa = PBXBuildFile; fileRef = 4C3924761EF283F10028CE81 /* SDWebImageCompat.m */; };
		4C3924911EF283F10028CE81 /* SDWebImageDecoder.m in Sources */ = {isa = PBXBuildFile; fileRef = 4C3924781EF283F10028CE81 /* SDWebImageDecoder.m */; };
		4C3924921EF283F10028CE81 /* SDWebImageDownloader.m in Sources */ = {isa = PBXBuildFile; fileRef = 4C39247A1EF283F10028CE81 /* SDWebImageDownloader.m */; };
		4C3924931EF283F10028CE81 /* SDWebImageDownloaderOperation.m in Sources */ = {isa = PBXBuildFile; fileRef = 4C39247C1EF283F10028CE81 /* SDWebImageDownloaderOperation.m */; };
		4C3924941EF283F10028CE81 /* SDWebImageManager.m in Sources */ = {isa = PBXBuildFile; fileRef = 4C39247E1EF283F10028CE81 /* SDWebImageManager.m */; };
		4C3924951EF283F10028CE81 /* SDWebImagePrefetcher.m in Sources */ = {isa = PBXBuildFile; fileRef = 4C3924811EF283F10028CE81 /* SDWebImagePrefetcher.m */; };
		4C3924961EF283F10028CE81 /* UIButton+WebCache.m in Sources */ = {isa = PBXBuildFile; fileRef = 4C3924831EF283F10028CE81 /* UIButton+WebCache.m */; };
		4C3924971EF283F10028CE81 /* UIImage+GIF.m in Sources */ = {isa = PBXBuildFile; fileRef = 4C3924851EF283F10028CE81 /* UIImage+GIF.m */; };
		4C3924981EF283F10028CE81 /* UIImage+MultiFormat.m in Sources */ = {isa = PBXBuildFile; fileRef = 4C3924871EF283F10028CE81 /* UIImage+MultiFormat.m */; };
		4C3924991EF283F10028CE81 /* UIImageView+HighlightedWebCache.m in Sources */ = {isa = PBXBuildFile; fileRef = 4C3924891EF283F10028CE81 /* UIImageView+HighlightedWebCache.m */; };
		4C39249A1EF283F10028CE81 /* UIImageView+WebCache.m in Sources */ = {isa = PBXBuildFile; fileRef = 4C39248B1EF283F10028CE81 /* UIImageView+WebCache.m */; };
		4C39249B1EF283F10028CE81 /* UIView+WebCacheOperation.m in Sources */ = {isa = PBXBuildFile; fileRef = 4C39248D1EF283F10028CE81 /* UIView+WebCacheOperation.m */; };
		4C39249E1EF288860028CE81 /* HZYDatePicker.m in Sources */ = {isa = PBXBuildFile; fileRef = 4C39249D1EF288860028CE81 /* HZYDatePicker.m */; };
		4C56AE361F0256C3006D1598 /* HZYPicturePickerCell.m in Sources */ = {isa = PBXBuildFile; fileRef = 4C56AE331F0256C3006D1598 /* HZYPicturePickerCell.m */; };
		4C56AE371F0256C3006D1598 /* HZYPicturePickerView.m in Sources */ = {isa = PBXBuildFile; fileRef = 4C56AE351F0256C3006D1598 /* HZYPicturePickerView.m */; };
		4C56AE3D1F0257FF006D1598 /* HZYImageScanView.m in Sources */ = {isa = PBXBuildFile; fileRef = 4C56AE3A1F0257FF006D1598 /* HZYImageScanView.m */; };
		4C56AE3E1F0257FF006D1598 /* UIImageView+HZYImageScanView.m in Sources */ = {isa = PBXBuildFile; fileRef = 4C56AE3C1F0257FF006D1598 /* UIImageView+HZYImageScanView.m */; };
		4C56AE411F025D21006D1598 /* HZYFormViewConfigurator.m in Sources */ = {isa = PBXBuildFile; fileRef = 4C56AE401F025D21006D1598 /* HZYFormViewConfigurator.m */; };
		4C7CB0B01EE8153C00F9737B /* main.m in Sources */ = {isa = PBXBuildFile; fileRef = 4C7CB0AF1EE8153C00F9737B /* main.m */; };
		4C7CB0B31EE8153C00F9737B /* AppDelegate.m in Sources */ = {isa = PBXBuildFile; fileRef = 4C7CB0B21EE8153C00F9737B /* AppDelegate.m */; };
		4C7CB0B61EE8153C00F9737B /* ViewController.m in Sources */ = {isa = PBXBuildFile; fileRef = 4C7CB0B51EE8153C00F9737B /* ViewController.m */; };
		4C7CB0B91EE8153C00F9737B /* Main.storyboard in Resources */ = {isa = PBXBuildFile; fileRef = 4C7CB0B71EE8153C00F9737B /* Main.storyboard */; };
		4C7CB0BB1EE8153C00F9737B /* Assets.xcassets in Resources */ = {isa = PBXBuildFile; fileRef = 4C7CB0BA1EE8153C00F9737B /* Assets.xcassets */; };
		4C7CB0BE1EE8153C00F9737B /* LaunchScreen.storyboard in Resources */ = {isa = PBXBuildFile; fileRef = 4C7CB0BC1EE8153C00F9737B /* LaunchScreen.storyboard */; };
		4C7CB0DA1EE8154B00F9737B /* HZYFormSectionHeaderView.m in Sources */ = {isa = PBXBuildFile; fileRef = 4C7CB0C91EE8154B00F9737B /* HZYFormSectionHeaderView.m */; };
		4C7CB0DB1EE8154B00F9737B /* HZYFormView.m in Sources */ = {isa = PBXBuildFile; fileRef = 4C7CB0CB1EE8154B00F9737B /* HZYFormView.m */; };
		4C7CB0DC1EE8154B00F9737B /* HZYFormViewCell.m in Sources */ = {isa = PBXBuildFile; fileRef = 4C7CB0CD1EE8154B00F9737B /* HZYFormViewCell.m */; };
		4C7CB0DD1EE8154B00F9737B /* HZYFormVIewCellSubViewCreater.m in Sources */ = {isa = PBXBuildFile; fileRef = 4C7CB0CF1EE8154B00F9737B /* HZYFormVIewCellSubViewCreater.m */; };
		4C7CB0DE1EE8154B00F9737B /* HZYFormViewCellSubViews.m in Sources */ = {isa = PBXBuildFile; fileRef = 4C7CB0D11EE8154B00F9737B /* HZYFormViewCellSubViews.m */; };
		4C7CB0DF1EE8154B00F9737B /* HZYFormViewDataModel.m in Sources */ = {isa = PBXBuildFile; fileRef = 4C7CB0D31EE8154B00F9737B /* HZYFormViewDataModel.m */; };
		4C7CB0FD1EE815D300F9737B /* Info.plist in Resources */ = {isa = PBXBuildFile; fileRef = 4C7CB0E31EE815D300F9737B /* Info.plist */; };
		4C7CB0FE1EE815D300F9737B /* MASCompositeConstraint.m in Sources */ = {isa = PBXBuildFile; fileRef = 4C7CB0E51EE815D300F9737B /* MASCompositeConstraint.m */; };
		4C7CB0FF1EE815D300F9737B /* MASConstraint.m in Sources */ = {isa = PBXBuildFile; fileRef = 4C7CB0E81EE815D300F9737B /* MASConstraint.m */; };
		4C7CB1001EE815D300F9737B /* MASConstraintMaker.m in Sources */ = {isa = PBXBuildFile; fileRef = 4C7CB0EA1EE815D300F9737B /* MASConstraintMaker.m */; };
		4C7CB1011EE815D300F9737B /* MASLayoutConstraint.m in Sources */ = {isa = PBXBuildFile; fileRef = 4C7CB0EC1EE815D300F9737B /* MASLayoutConstraint.m */; };
		4C7CB1021EE815D300F9737B /* MASViewAttribute.m in Sources */ = {isa = PBXBuildFile; fileRef = 4C7CB0F01EE815D300F9737B /* MASViewAttribute.m */; };
		4C7CB1031EE815D300F9737B /* MASViewConstraint.m in Sources */ = {isa = PBXBuildFile; fileRef = 4C7CB0F21EE815D300F9737B /* MASViewConstraint.m */; };
		4C7CB1041EE815D300F9737B /* NSArray+MASAdditions.m in Sources */ = {isa = PBXBuildFile; fileRef = 4C7CB0F41EE815D300F9737B /* NSArray+MASAdditions.m */; };
		4C7CB1051EE815D300F9737B /* NSLayoutConstraint+MASDebugAdditions.m in Sources */ = {isa = PBXBuildFile; fileRef = 4C7CB0F71EE815D300F9737B /* NSLayoutConstraint+MASDebugAdditions.m */; };
		4C7CB1061EE815D300F9737B /* View+MASAdditions.m in Sources */ = {isa = PBXBuildFile; fileRef = 4C7CB0F91EE815D300F9737B /* View+MASAdditions.m */; };
		4C7CB1071EE815D300F9737B /* ViewController+MASAdditions.m in Sources */ = {isa = PBXBuildFile; fileRef = 4C7CB0FC1EE815D300F9737B /* ViewController+MASAdditions.m */; };
		4CA7F1BB1EF2A922009208B4 /* MMSelectorView.m in Sources */ = {isa = PBXBuildFile; fileRef = 4CA7F1BA1EF2A922009208B4 /* MMSelectorView.m */; };
/* End PBXBuildFile section */

/* Begin PBXFileReference section */
		4C3924711EF283F10028CE81 /* NSData+ImageContentType.h */ = {isa = PBXFileReference; fileEncoding = 4; lastKnownFileType = sourcecode.c.h; path = "NSData+ImageContentType.h"; sourceTree = "<group>"; };
		4C3924721EF283F10028CE81 /* NSData+ImageContentType.m */ = {isa = PBXFileReference; fileEncoding = 4; lastKnownFileType = sourcecode.c.objc; path = "NSData+ImageContentType.m"; sourceTree = "<group>"; };
		4C3924731EF283F10028CE81 /* SDImageCache.h */ = {isa = PBXFileReference; fileEncoding = 4; lastKnownFileType = sourcecode.c.h; path = SDImageCache.h; sourceTree = "<group>"; };
		4C3924741EF283F10028CE81 /* SDImageCache.m */ = {isa = PBXFileReference; fileEncoding = 4; lastKnownFileType = sourcecode.c.objc; path = SDImageCache.m; sourceTree = "<group>"; };
		4C3924751EF283F10028CE81 /* SDWebImageCompat.h */ = {isa = PBXFileReference; fileEncoding = 4; lastKnownFileType = sourcecode.c.h; path = SDWebImageCompat.h; sourceTree = "<group>"; };
		4C3924761EF283F10028CE81 /* SDWebImageCompat.m */ = {isa = PBXFileReference; fileEncoding = 4; lastKnownFileType = sourcecode.c.objc; path = SDWebImageCompat.m; sourceTree = "<group>"; };
		4C3924771EF283F10028CE81 /* SDWebImageDecoder.h */ = {isa = PBXFileReference; fileEncoding = 4; lastKnownFileType = sourcecode.c.h; path = SDWebImageDecoder.h; sourceTree = "<group>"; };
		4C3924781EF283F10028CE81 /* SDWebImageDecoder.m */ = {isa = PBXFileReference; fileEncoding = 4; lastKnownFileType = sourcecode.c.objc; path = SDWebImageDecoder.m; sourceTree = "<group>"; };
		4C3924791EF283F10028CE81 /* SDWebImageDownloader.h */ = {isa = PBXFileReference; fileEncoding = 4; lastKnownFileType = sourcecode.c.h; path = SDWebImageDownloader.h; sourceTree = "<group>"; };
		4C39247A1EF283F10028CE81 /* SDWebImageDownloader.m */ = {isa = PBXFileReference; fileEncoding = 4; lastKnownFileType = sourcecode.c.objc; path = SDWebImageDownloader.m; sourceTree = "<group>"; };
		4C39247B1EF283F10028CE81 /* SDWebImageDownloaderOperation.h */ = {isa = PBXFileReference; fileEncoding = 4; lastKnownFileType = sourcecode.c.h; path = SDWebImageDownloaderOperation.h; sourceTree = "<group>"; };
		4C39247C1EF283F10028CE81 /* SDWebImageDownloaderOperation.m */ = {isa = PBXFileReference; fileEncoding = 4; lastKnownFileType = sourcecode.c.objc; path = SDWebImageDownloaderOperation.m; sourceTree = "<group>"; };
		4C39247D1EF283F10028CE81 /* SDWebImageManager.h */ = {isa = PBXFileReference; fileEncoding = 4; lastKnownFileType = sourcecode.c.h; path = SDWebImageManager.h; sourceTree = "<group>"; };
		4C39247E1EF283F10028CE81 /* SDWebImageManager.m */ = {isa = PBXFileReference; fileEncoding = 4; lastKnownFileType = sourcecode.c.objc; path = SDWebImageManager.m; sourceTree = "<group>"; };
		4C39247F1EF283F10028CE81 /* SDWebImageOperation.h */ = {isa = PBXFileReference; fileEncoding = 4; lastKnownFileType = sourcecode.c.h; path = SDWebImageOperation.h; sourceTree = "<group>"; };
		4C3924801EF283F10028CE81 /* SDWebImagePrefetcher.h */ = {isa = PBXFileReference; fileEncoding = 4; lastKnownFileType = sourcecode.c.h; path = SDWebImagePrefetcher.h; sourceTree = "<group>"; };
		4C3924811EF283F10028CE81 /* SDWebImagePrefetcher.m */ = {isa = PBXFileReference; fileEncoding = 4; lastKnownFileType = sourcecode.c.objc; path = SDWebImagePrefetcher.m; sourceTree = "<group>"; };
		4C3924821EF283F10028CE81 /* UIButton+WebCache.h */ = {isa = PBXFileReference; fileEncoding = 4; lastKnownFileType = sourcecode.c.h; path = "UIButton+WebCache.h"; sourceTree = "<group>"; };
		4C3924831EF283F10028CE81 /* UIButton+WebCache.m */ = {isa = PBXFileReference; fileEncoding = 4; lastKnownFileType = sourcecode.c.objc; path = "UIButton+WebCache.m"; sourceTree = "<group>"; };
		4C3924841EF283F10028CE81 /* UIImage+GIF.h */ = {isa = PBXFileReference; fileEncoding = 4; lastKnownFileType = sourcecode.c.h; path = "UIImage+GIF.h"; sourceTree = "<group>"; };
		4C3924851EF283F10028CE81 /* UIImage+GIF.m */ = {isa = PBXFileReference; fileEncoding = 4; lastKnownFileType = sourcecode.c.objc; path = "UIImage+GIF.m"; sourceTree = "<group>"; };
		4C3924861EF283F10028CE81 /* UIImage+MultiFormat.h */ = {isa = PBXFileReference; fileEncoding = 4; lastKnownFileType = sourcecode.c.h; path = "UIImage+MultiFormat.h"; sourceTree = "<group>"; };
		4C3924871EF283F10028CE81 /* UIImage+MultiFormat.m */ = {isa = PBXFileReference; fileEncoding = 4; lastKnownFileType = sourcecode.c.objc; path = "UIImage+MultiFormat.m"; sourceTree = "<group>"; };
		4C3924881EF283F10028CE81 /* UIImageView+HighlightedWebCache.h */ = {isa = PBXFileReference; fileEncoding = 4; lastKnownFileType = sourcecode.c.h; path = "UIImageView+HighlightedWebCache.h"; sourceTree = "<group>"; };
		4C3924891EF283F10028CE81 /* UIImageView+HighlightedWebCache.m */ = {isa = PBXFileReference; fileEncoding = 4; lastKnownFileType = sourcecode.c.objc; path = "UIImageView+HighlightedWebCache.m"; sourceTree = "<group>"; };
		4C39248A1EF283F10028CE81 /* UIImageView+WebCache.h */ = {isa = PBXFileReference; fileEncoding = 4; lastKnownFileType = sourcecode.c.h; path = "UIImageView+WebCache.h"; sourceTree = "<group>"; };
		4C39248B1EF283F10028CE81 /* UIImageView+WebCache.m */ = {isa = PBXFileReference; fileEncoding = 4; lastKnownFileType = sourcecode.c.objc; path = "UIImageView+WebCache.m"; sourceTree = "<group>"; };
		4C39248C1EF283F10028CE81 /* UIView+WebCacheOperation.h */ = {isa = PBXFileReference; fileEncoding = 4; lastKnownFileType = sourcecode.c.h; path = "UIView+WebCacheOperation.h"; sourceTree = "<group>"; };
		4C39248D1EF283F10028CE81 /* UIView+WebCacheOperation.m */ = {isa = PBXFileReference; fileEncoding = 4; lastKnownFileType = sourcecode.c.objc; path = "UIView+WebCacheOperation.m"; sourceTree = "<group>"; };
		4C39249C1EF288860028CE81 /* HZYDatePicker.h */ = {isa = PBXFileReference; fileEncoding = 4; lastKnownFileType = sourcecode.c.h; path = HZYDatePicker.h; sourceTree = "<group>"; };
		4C39249D1EF288860028CE81 /* HZYDatePicker.m */ = {isa = PBXFileReference; fileEncoding = 4; lastKnownFileType = sourcecode.c.objc; path = HZYDatePicker.m; sourceTree = "<group>"; };
		4C56AE321F0256C3006D1598 /* HZYPicturePickerCell.h */ = {isa = PBXFileReference; fileEncoding = 4; lastKnownFileType = sourcecode.c.h; path = HZYPicturePickerCell.h; sourceTree = "<group>"; };
		4C56AE331F0256C3006D1598 /* HZYPicturePickerCell.m */ = {isa = PBXFileReference; fileEncoding = 4; lastKnownFileType = sourcecode.c.objc; path = HZYPicturePickerCell.m; sourceTree = "<group>"; };
		4C56AE341F0256C3006D1598 /* HZYPicturePickerView.h */ = {isa = PBXFileReference; fileEncoding = 4; lastKnownFileType = sourcecode.c.h; path = HZYPicturePickerView.h; sourceTree = "<group>"; };
		4C56AE351F0256C3006D1598 /* HZYPicturePickerView.m */ = {isa = PBXFileReference; fileEncoding = 4; lastKnownFileType = sourcecode.c.objc; path = HZYPicturePickerView.m; sourceTree = "<group>"; };
		4C56AE391F0257FF006D1598 /* HZYImageScanView.h */ = {isa = PBXFileReference; fileEncoding = 4; lastKnownFileType = sourcecode.c.h; path = HZYImageScanView.h; sourceTree = "<group>"; };
		4C56AE3A1F0257FF006D1598 /* HZYImageScanView.m */ = {isa = PBXFileReference; fileEncoding = 4; lastKnownFileType = sourcecode.c.objc; path = HZYImageScanView.m; sourceTree = "<group>"; };
		4C56AE3B1F0257FF006D1598 /* UIImageView+HZYImageScanView.h */ = {isa = PBXFileReference; fileEncoding = 4; lastKnownFileType = sourcecode.c.h; path = "UIImageView+HZYImageScanView.h"; sourceTree = "<group>"; };
		4C56AE3C1F0257FF006D1598 /* UIImageView+HZYImageScanView.m */ = {isa = PBXFileReference; fileEncoding = 4; lastKnownFileType = sourcecode.c.objc; path = "UIImageView+HZYImageScanView.m"; sourceTree = "<group>"; };
		4C56AE3F1F025D21006D1598 /* HZYFormViewConfigurator.h */ = {isa = PBXFileReference; fileEncoding = 4; lastKnownFileType = sourcecode.c.h; path = HZYFormViewConfigurator.h; sourceTree = "<group>"; };
		4C56AE401F025D21006D1598 /* HZYFormViewConfigurator.m */ = {isa = PBXFileReference; fileEncoding = 4; lastKnownFileType = sourcecode.c.objc; path = HZYFormViewConfigurator.m; sourceTree = "<group>"; };
		4C7CB0AB1EE8153C00F9737B /* HZYFormView.app */ = {isa = PBXFileReference; explicitFileType = wrapper.application; includeInIndex = 0; path = HZYFormView.app; sourceTree = BUILT_PRODUCTS_DIR; };
		4C7CB0AF1EE8153C00F9737B /* main.m */ = {isa = PBXFileReference; lastKnownFileType = sourcecode.c.objc; path = main.m; sourceTree = "<group>"; };
		4C7CB0B11EE8153C00F9737B /* AppDelegate.h */ = {isa = PBXFileReference; lastKnownFileType = sourcecode.c.h; path = AppDelegate.h; sourceTree = "<group>"; };
		4C7CB0B21EE8153C00F9737B /* AppDelegate.m */ = {isa = PBXFileReference; lastKnownFileType = sourcecode.c.objc; path = AppDelegate.m; sourceTree = "<group>"; };
		4C7CB0B41EE8153C00F9737B /* ViewController.h */ = {isa = PBXFileReference; lastKnownFileType = sourcecode.c.h; path = ViewController.h; sourceTree = "<group>"; };
		4C7CB0B51EE8153C00F9737B /* ViewController.m */ = {isa = PBXFileReference; lastKnownFileType = sourcecode.c.objc; path = ViewController.m; sourceTree = "<group>"; };
		4C7CB0B81EE8153C00F9737B /* Base */ = {isa = PBXFileReference; lastKnownFileType = file.storyboard; name = Base; path = Base.lproj/Main.storyboard; sourceTree = "<group>"; };
		4C7CB0BA1EE8153C00F9737B /* Assets.xcassets */ = {isa = PBXFileReference; lastKnownFileType = folder.assetcatalog; path = Assets.xcassets; sourceTree = "<group>"; };
		4C7CB0BD1EE8153C00F9737B /* Base */ = {isa = PBXFileReference; lastKnownFileType = file.storyboard; name = Base; path = Base.lproj/LaunchScreen.storyboard; sourceTree = "<group>"; };
		4C7CB0BF1EE8153C00F9737B /* Info.plist */ = {isa = PBXFileReference; lastKnownFileType = text.plist.xml; path = Info.plist; sourceTree = "<group>"; };
		4C7CB0C81EE8154B00F9737B /* HZYFormSectionHeaderView.h */ = {isa = PBXFileReference; fileEncoding = 4; lastKnownFileType = sourcecode.c.h; path = HZYFormSectionHeaderView.h; sourceTree = "<group>"; };
		4C7CB0C91EE8154B00F9737B /* HZYFormSectionHeaderView.m */ = {isa = PBXFileReference; fileEncoding = 4; lastKnownFileType = sourcecode.c.objc; path = HZYFormSectionHeaderView.m; sourceTree = "<group>"; };
		4C7CB0CA1EE8154B00F9737B /* HZYFormView.h */ = {isa = PBXFileReference; fileEncoding = 4; lastKnownFileType = sourcecode.c.h; path = HZYFormView.h; sourceTree = "<group>"; };
		4C7CB0CB1EE8154B00F9737B /* HZYFormView.m */ = {isa = PBXFileReference; fileEncoding = 4; lastKnownFileType = sourcecode.c.objc; path = HZYFormView.m; sourceTree = "<group>"; };
		4C7CB0CC1EE8154B00F9737B /* HZYFormViewCell.h */ = {isa = PBXFileReference; fileEncoding = 4; lastKnownFileType = sourcecode.c.h; path = HZYFormViewCell.h; sourceTree = "<group>"; };
		4C7CB0CD1EE8154B00F9737B /* HZYFormViewCell.m */ = {isa = PBXFileReference; fileEncoding = 4; lastKnownFileType = sourcecode.c.objc; path = HZYFormViewCell.m; sourceTree = "<group>"; };
		4C7CB0CE1EE8154B00F9737B /* HZYFormVIewCellSubViewCreater.h */ = {isa = PBXFileReference; fileEncoding = 4; lastKnownFileType = sourcecode.c.h; path = HZYFormVIewCellSubViewCreater.h; sourceTree = "<group>"; };
		4C7CB0CF1EE8154B00F9737B /* HZYFormVIewCellSubViewCreater.m */ = {isa = PBXFileReference; fileEncoding = 4; lastKnownFileType = sourcecode.c.objc; path = HZYFormVIewCellSubViewCreater.m; sourceTree = "<group>"; };
		4C7CB0D01EE8154B00F9737B /* HZYFormViewCellSubViews.h */ = {isa = PBXFileReference; fileEncoding = 4; lastKnownFileType = sourcecode.c.h; path = HZYFormViewCellSubViews.h; sourceTree = "<group>"; };
		4C7CB0D11EE8154B00F9737B /* HZYFormViewCellSubViews.m */ = {isa = PBXFileReference; fileEncoding = 4; lastKnownFileType = sourcecode.c.objc; path = HZYFormViewCellSubViews.m; sourceTree = "<group>"; };
		4C7CB0D21EE8154B00F9737B /* HZYFormViewDataModel.h */ = {isa = PBXFileReference; fileEncoding = 4; lastKnownFileType = sourcecode.c.h; path = HZYFormViewDataModel.h; sourceTree = "<group>"; };
		4C7CB0D31EE8154B00F9737B /* HZYFormViewDataModel.m */ = {isa = PBXFileReference; fileEncoding = 4; lastKnownFileType = sourcecode.c.objc; path = HZYFormViewDataModel.m; sourceTree = "<group>"; };
		4C7CB0D41EE8154B00F9737B /* HZYFormViewDefine.h */ = {isa = PBXFileReference; fileEncoding = 4; lastKnownFileType = sourcecode.c.h; path = HZYFormViewDefine.h; sourceTree = "<group>"; };
		4C7CB0E31EE815D300F9737B /* Info.plist */ = {isa = PBXFileReference; fileEncoding = 4; lastKnownFileType = text.plist.xml; path = Info.plist; sourceTree = "<group>"; };
		4C7CB0E41EE815D300F9737B /* MASCompositeConstraint.h */ = {isa = PBXFileReference; fileEncoding = 4; lastKnownFileType = sourcecode.c.h; path = MASCompositeConstraint.h; sourceTree = "<group>"; };
		4C7CB0E51EE815D300F9737B /* MASCompositeConstraint.m */ = {isa = PBXFileReference; fileEncoding = 4; lastKnownFileType = sourcecode.c.objc; path = MASCompositeConstraint.m; sourceTree = "<group>"; };
		4C7CB0E61EE815D300F9737B /* MASConstraint+Private.h */ = {isa = PBXFileReference; fileEncoding = 4; lastKnownFileType = sourcecode.c.h; path = "MASConstraint+Private.h"; sourceTree = "<group>"; };
		4C7CB0E71EE815D300F9737B /* MASConstraint.h */ = {isa = PBXFileReference; fileEncoding = 4; lastKnownFileType = sourcecode.c.h; path = MASConstraint.h; sourceTree = "<group>"; };
		4C7CB0E81EE815D300F9737B /* MASConstraint.m */ = {isa = PBXFileReference; fileEncoding = 4; lastKnownFileType = sourcecode.c.objc; path = MASConstraint.m; sourceTree = "<group>"; };
		4C7CB0E91EE815D300F9737B /* MASConstraintMaker.h */ = {isa = PBXFileReference; fileEncoding = 4; lastKnownFileType = sourcecode.c.h; path = MASConstraintMaker.h; sourceTree = "<group>"; };
		4C7CB0EA1EE815D300F9737B /* MASConstraintMaker.m */ = {isa = PBXFileReference; fileEncoding = 4; lastKnownFileType = sourcecode.c.objc; path = MASConstraintMaker.m; sourceTree = "<group>"; };
		4C7CB0EB1EE815D300F9737B /* MASLayoutConstraint.h */ = {isa = PBXFileReference; fileEncoding = 4; lastKnownFileType = sourcecode.c.h; path = MASLayoutConstraint.h; sourceTree = "<group>"; };
		4C7CB0EC1EE815D300F9737B /* MASLayoutConstraint.m */ = {isa = PBXFileReference; fileEncoding = 4; lastKnownFileType = sourcecode.c.objc; path = MASLayoutConstraint.m; sourceTree = "<group>"; };
		4C7CB0ED1EE815D300F9737B /* Masonry.h */ = {isa = PBXFileReference; fileEncoding = 4; lastKnownFileType = sourcecode.c.h; path = Masonry.h; sourceTree = "<group>"; };
		4C7CB0EE1EE815D300F9737B /* MASUtilities.h */ = {isa = PBXFileReference; fileEncoding = 4; lastKnownFileType = sourcecode.c.h; path = MASUtilities.h; sourceTree = "<group>"; };
		4C7CB0EF1EE815D300F9737B /* MASViewAttribute.h */ = {isa = PBXFileReference; fileEncoding = 4; lastKnownFileType = sourcecode.c.h; path = MASViewAttribute.h; sourceTree = "<group>"; };
		4C7CB0F01EE815D300F9737B /* MASViewAttribute.m */ = {isa = PBXFileReference; fileEncoding = 4; lastKnownFileType = sourcecode.c.objc; path = MASViewAttribute.m; sourceTree = "<group>"; };
		4C7CB0F11EE815D300F9737B /* MASViewConstraint.h */ = {isa = PBXFileReference; fileEncoding = 4; lastKnownFileType = sourcecode.c.h; path = MASViewConstraint.h; sourceTree = "<group>"; };
		4C7CB0F21EE815D300F9737B /* MASViewConstraint.m */ = {isa = PBXFileReference; fileEncoding = 4; lastKnownFileType = sourcecode.c.objc; path = MASViewConstraint.m; sourceTree = "<group>"; };
		4C7CB0F31EE815D300F9737B /* NSArray+MASAdditions.h */ = {isa = PBXFileReference; fileEncoding = 4; lastKnownFileType = sourcecode.c.h; path = "NSArray+MASAdditions.h"; sourceTree = "<group>"; };
		4C7CB0F41EE815D300F9737B /* NSArray+MASAdditions.m */ = {isa = PBXFileReference; fileEncoding = 4; lastKnownFileType = sourcecode.c.objc; path = "NSArray+MASAdditions.m"; sourceTree = "<group>"; };
		4C7CB0F51EE815D300F9737B /* NSArray+MASShorthandAdditions.h */ = {isa = PBXFileReference; fileEncoding = 4; lastKnownFileType = sourcecode.c.h; path = "NSArray+MASShorthandAdditions.h"; sourceTree = "<group>"; };
		4C7CB0F61EE815D300F9737B /* NSLayoutConstraint+MASDebugAdditions.h */ = {isa = PBXFileReference; fileEncoding = 4; lastKnownFileType = sourcecode.c.h; path = "NSLayoutConstraint+MASDebugAdditions.h"; sourceTree = "<group>"; };
		4C7CB0F71EE815D300F9737B /* NSLayoutConstraint+MASDebugAdditions.m */ = {isa = PBXFileReference; fileEncoding = 4; lastKnownFileType = sourcecode.c.objc; path = "NSLayoutConstraint+MASDebugAdditions.m"; sourceTree = "<group>"; };
		4C7CB0F81EE815D300F9737B /* View+MASAdditions.h */ = {isa = PBXFileReference; fileEncoding = 4; lastKnownFileType = sourcecode.c.h; path = "View+MASAdditions.h"; sourceTree = "<group>"; };
		4C7CB0F91EE815D300F9737B /* View+MASAdditions.m */ = {isa = PBXFileReference; fileEncoding = 4; lastKnownFileType = sourcecode.c.objc; path = "View+MASAdditions.m"; sourceTree = "<group>"; };
		4C7CB0FA1EE815D300F9737B /* View+MASShorthandAdditions.h */ = {isa = PBXFileReference; fileEncoding = 4; lastKnownFileType = sourcecode.c.h; path = "View+MASShorthandAdditions.h"; sourceTree = "<group>"; };
		4C7CB0FB1EE815D300F9737B /* ViewController+MASAdditions.h */ = {isa = PBXFileReference; fileEncoding = 4; lastKnownFileType = sourcecode.c.h; path = "ViewController+MASAdditions.h"; sourceTree = "<group>"; };
		4C7CB0FC1EE815D300F9737B /* ViewController+MASAdditions.m */ = {isa = PBXFileReference; fileEncoding = 4; lastKnownFileType = sourcecode.c.objc; path = "ViewController+MASAdditions.m"; sourceTree = "<group>"; };
		4CA7F1B91EF2A922009208B4 /* MMSelectorView.h */ = {isa = PBXFileReference; fileEncoding = 4; lastKnownFileType = sourcecode.c.h; path = MMSelectorView.h; sourceTree = "<group>"; };
		4CA7F1BA1EF2A922009208B4 /* MMSelectorView.m */ = {isa = PBXFileReference; fileEncoding = 4; lastKnownFileType = sourcecode.c.objc; path = MMSelectorView.m; sourceTree = "<group>"; };
/* End PBXFileReference section */

/* Begin PBXFrameworksBuildPhase section */
		4C7CB0A81EE8153C00F9737B /* Frameworks */ = {
			isa = PBXFrameworksBuildPhase;
			buildActionMask = 2147483647;
			files = (
			);
			runOnlyForDeploymentPostprocessing = 0;
		};
/* End PBXFrameworksBuildPhase section */

/* Begin PBXGroup section */
		4C3924701EF283F10028CE81 /* SDWebImage */ = {
			isa = PBXGroup;
			children = (
				4C3924711EF283F10028CE81 /* NSData+ImageContentType.h */,
				4C3924721EF283F10028CE81 /* NSData+ImageContentType.m */,
				4C3924731EF283F10028CE81 /* SDImageCache.h */,
				4C3924741EF283F10028CE81 /* SDImageCache.m */,
				4C3924751EF283F10028CE81 /* SDWebImageCompat.h */,
				4C3924761EF283F10028CE81 /* SDWebImageCompat.m */,
				4C3924771EF283F10028CE81 /* SDWebImageDecoder.h */,
				4C3924781EF283F10028CE81 /* SDWebImageDecoder.m */,
				4C3924791EF283F10028CE81 /* SDWebImageDownloader.h */,
				4C39247A1EF283F10028CE81 /* SDWebImageDownloader.m */,
				4C39247B1EF283F10028CE81 /* SDWebImageDownloaderOperation.h */,
				4C39247C1EF283F10028CE81 /* SDWebImageDownloaderOperation.m */,
				4C39247D1EF283F10028CE81 /* SDWebImageManager.h */,
				4C39247E1EF283F10028CE81 /* SDWebImageManager.m */,
				4C39247F1EF283F10028CE81 /* SDWebImageOperation.h */,
				4C3924801EF283F10028CE81 /* SDWebImagePrefetcher.h */,
				4C3924811EF283F10028CE81 /* SDWebImagePrefetcher.m */,
				4C3924821EF283F10028CE81 /* UIButton+WebCache.h */,
				4C3924831EF283F10028CE81 /* UIButton+WebCache.m */,
				4C3924841EF283F10028CE81 /* UIImage+GIF.h */,
				4C3924851EF283F10028CE81 /* UIImage+GIF.m */,
				4C3924861EF283F10028CE81 /* UIImage+MultiFormat.h */,
				4C3924871EF283F10028CE81 /* UIImage+MultiFormat.m */,
				4C3924881EF283F10028CE81 /* UIImageView+HighlightedWebCache.h */,
				4C3924891EF283F10028CE81 /* UIImageView+HighlightedWebCache.m */,
				4C39248A1EF283F10028CE81 /* UIImageView+WebCache.h */,
				4C39248B1EF283F10028CE81 /* UIImageView+WebCache.m */,
				4C39248C1EF283F10028CE81 /* UIView+WebCacheOperation.h */,
				4C39248D1EF283F10028CE81 /* UIView+WebCacheOperation.m */,
			);
			path = SDWebImage;
			sourceTree = "<group>";
		};
		4C56AE381F0257FF006D1598 /* HZYImageScanView */ = {
			isa = PBXGroup;
			children = (
				4C56AE391F0257FF006D1598 /* HZYImageScanView.h */,
				4C56AE3A1F0257FF006D1598 /* HZYImageScanView.m */,
				4C56AE3B1F0257FF006D1598 /* UIImageView+HZYImageScanView.h */,
				4C56AE3C1F0257FF006D1598 /* UIImageView+HZYImageScanView.m */,
			);
			path = HZYImageScanView;
			sourceTree = "<group>";
		};
		4C7CB0A21EE8153C00F9737B = {
			isa = PBXGroup;
			children = (
				4C7CB0AD1EE8153C00F9737B /* HZYFormView */,
				4C7CB0AC1EE8153C00F9737B /* Products */,
			);
			sourceTree = "<group>";
		};
		4C7CB0AC1EE8153C00F9737B /* Products */ = {
			isa = PBXGroup;
			children = (
				4C7CB0AB1EE8153C00F9737B /* HZYFormView.app */,
			);
			name = Products;
			sourceTree = "<group>";
		};
		4C7CB0AD1EE8153C00F9737B /* HZYFormView */ = {
			isa = PBXGroup;
			children = (
				4C7CB0C51EE8154B00F9737B /* HZYFormView */,
				4C7CB0B11EE8153C00F9737B /* AppDelegate.h */,
				4C7CB0B21EE8153C00F9737B /* AppDelegate.m */,
				4C56AE381F0257FF006D1598 /* HZYImageScanView */,
				4C7CB0B41EE8153C00F9737B /* ViewController.h */,
				4C7CB0B51EE8153C00F9737B /* ViewController.m */,
				4C7CB0B71EE8153C00F9737B /* Main.storyboard */,
				4C7CB0BA1EE8153C00F9737B /* Assets.xcassets */,
				4C7CB0BC1EE8153C00F9737B /* LaunchScreen.storyboard */,
				4C7CB0BF1EE8153C00F9737B /* Info.plist */,
				4CA7F1B91EF2A922009208B4 /* MMSelectorView.h */,
				4CA7F1BA1EF2A922009208B4 /* MMSelectorView.m */,
				4C3924701EF283F10028CE81 /* SDWebImage */,
				4C7CB0E21EE815D300F9737B /* Masonry */,
				4C7CB0AE1EE8153C00F9737B /* Supporting Files */,
			);
			path = HZYFormView;
			sourceTree = "<group>";
		};
		4C7CB0AE1EE8153C00F9737B /* Supporting Files */ = {
			isa = PBXGroup;
			children = (
				4C7CB0AF1EE8153C00F9737B /* main.m */,
			);
			name = "Supporting Files";
			sourceTree = "<group>";
		};
		4C7CB0C51EE8154B00F9737B /* HZYFormView */ = {
			isa = PBXGroup;
			children = (
				4C7CB0D41EE8154B00F9737B /* HZYFormViewDefine.h */,
				4C7CB0CA1EE8154B00F9737B /* HZYFormView.h */,
				4C7CB0CB1EE8154B00F9737B /* HZYFormView.m */,
				4C7CB0CC1EE8154B00F9737B /* HZYFormViewCell.h */,
				4C7CB0CD1EE8154B00F9737B /* HZYFormViewCell.m */,
				4C7CB0CE1EE8154B00F9737B /* HZYFormVIewCellSubViewCreater.h */,
				4C7CB0CF1EE8154B00F9737B /* HZYFormVIewCellSubViewCreater.m */,
				4C7CB0D21EE8154B00F9737B /* HZYFormViewDataModel.h */,
				4C7CB0D31EE8154B00F9737B /* HZYFormViewDataModel.m */,
				4C56AE3F1F025D21006D1598 /* HZYFormViewConfigurator.h */,
				4C56AE401F025D21006D1598 /* HZYFormViewConfigurator.m */,
				4C7CB0D01EE8154B00F9737B /* HZYFormViewCellSubViews.h */,
				4C7CB0D11EE8154B00F9737B /* HZYFormViewCellSubViews.m */,
				4C7CB0C81EE8154B00F9737B /* HZYFormSectionHeaderView.h */,
				4C7CB0C91EE8154B00F9737B /* HZYFormSectionHeaderView.m */,
				4C39249C1EF288860028CE81 /* HZYDatePicker.h */,
				4C39249D1EF288860028CE81 /* HZYDatePicker.m */,
				4C56AE321F0256C3006D1598 /* HZYPicturePickerCell.h */,
				4C56AE331F0256C3006D1598 /* HZYPicturePickerCell.m */,
				4C56AE341F0256C3006D1598 /* HZYPicturePickerView.h */,
				4C56AE351F0256C3006D1598 /* HZYPicturePickerView.m */,
			);
			path = HZYFormView;
			sourceTree = "<group>";
		};
		4C7CB0E21EE815D300F9737B /* Masonry */ = {
			isa = PBXGroup;
			children = (
				4C7CB0E31EE815D300F9737B /* Info.plist */,
				4C7CB0E41EE815D300F9737B /* MASCompositeConstraint.h */,
				4C7CB0E51EE815D300F9737B /* MASCompositeConstraint.m */,
				4C7CB0E61EE815D300F9737B /* MASConstraint+Private.h */,
				4C7CB0E71EE815D300F9737B /* MASConstraint.h */,
				4C7CB0E81EE815D300F9737B /* MASConstraint.m */,
				4C7CB0E91EE815D300F9737B /* MASConstraintMaker.h */,
				4C7CB0EA1EE815D300F9737B /* MASConstraintMaker.m */,
				4C7CB0EB1EE815D300F9737B /* MASLayoutConstraint.h */,
				4C7CB0EC1EE815D300F9737B /* MASLayoutConstraint.m */,
				4C7CB0ED1EE815D300F9737B /* Masonry.h */,
				4C7CB0EE1EE815D300F9737B /* MASUtilities.h */,
				4C7CB0EF1EE815D300F9737B /* MASViewAttribute.h */,
				4C7CB0F01EE815D300F9737B /* MASViewAttribute.m */,
				4C7CB0F11EE815D300F9737B /* MASViewConstraint.h */,
				4C7CB0F21EE815D300F9737B /* MASViewConstraint.m */,
				4C7CB0F31EE815D300F9737B /* NSArray+MASAdditions.h */,
				4C7CB0F41EE815D300F9737B /* NSArray+MASAdditions.m */,
				4C7CB0F51EE815D300F9737B /* NSArray+MASShorthandAdditions.h */,
				4C7CB0F61EE815D300F9737B /* NSLayoutConstraint+MASDebugAdditions.h */,
				4C7CB0F71EE815D300F9737B /* NSLayoutConstraint+MASDebugAdditions.m */,
				4C7CB0F81EE815D300F9737B /* View+MASAdditions.h */,
				4C7CB0F91EE815D300F9737B /* View+MASAdditions.m */,
				4C7CB0FA1EE815D300F9737B /* View+MASShorthandAdditions.h */,
				4C7CB0FB1EE815D300F9737B /* ViewController+MASAdditions.h */,
				4C7CB0FC1EE815D300F9737B /* ViewController+MASAdditions.m */,
			);
			path = Masonry;
			sourceTree = "<group>";
		};
/* End PBXGroup section */

/* Begin PBXNativeTarget section */
		4C7CB0AA1EE8153C00F9737B /* HZYFormView */ = {
			isa = PBXNativeTarget;
			buildConfigurationList = 4C7CB0C21EE8153C00F9737B /* Build configuration list for PBXNativeTarget "HZYFormView" */;
			buildPhases = (
				4C7CB0A71EE8153C00F9737B /* Sources */,
				4C7CB0A81EE8153C00F9737B /* Frameworks */,
				4C7CB0A91EE8153C00F9737B /* Resources */,
			);
			buildRules = (
			);
			dependencies = (
			);
			name = HZYFormView;
			productName = HZYFormView;
			productReference = 4C7CB0AB1EE8153C00F9737B /* HZYFormView.app */;
			productType = "com.apple.product-type.application";
		};
/* End PBXNativeTarget section */

/* Begin PBXProject section */
		4C7CB0A31EE8153C00F9737B /* Project object */ = {
			isa = PBXProject;
			attributes = {
				LastUpgradeCheck = 0830;
				ORGANIZATIONNAME = Michael;
				TargetAttributes = {
					4C7CB0AA1EE8153C00F9737B = {
						CreatedOnToolsVersion = 8.3.3;
						DevelopmentTeam = 65BZ7J45PP;
						ProvisioningStyle = Automatic;
					};
				};
			};
			buildConfigurationList = 4C7CB0A61EE8153C00F9737B /* Build configuration list for PBXProject "HZYFormView" */;
			compatibilityVersion = "Xcode 3.2";
			developmentRegion = English;
			hasScannedForEncodings = 0;
			knownRegions = (
				en,
				Base,
			);
			mainGroup = 4C7CB0A21EE8153C00F9737B;
			productRefGroup = 4C7CB0AC1EE8153C00F9737B /* Products */;
			projectDirPath = "";
			projectRoot = "";
			targets = (
				4C7CB0AA1EE8153C00F9737B /* HZYFormView */,
			);
		};
/* End PBXProject section */

/* Begin PBXResourcesBuildPhase section */
		4C7CB0A91EE8153C00F9737B /* Resources */ = {
			isa = PBXResourcesBuildPhase;
			buildActionMask = 2147483647;
			files = (
				4C7CB0FD1EE815D300F9737B /* Info.plist in Resources */,
				4C7CB0BE1EE8153C00F9737B /* LaunchScreen.storyboard in Resources */,
				4C7CB0BB1EE8153C00F9737B /* Assets.xcassets in Resources */,
				4C7CB0B91EE8153C00F9737B /* Main.storyboard in Resources */,
			);
			runOnlyForDeploymentPostprocessing = 0;
		};
/* End PBXResourcesBuildPhase section */

/* Begin PBXSourcesBuildPhase section */
		4C7CB0A71EE8153C00F9737B /* Sources */ = {
			isa = PBXSourcesBuildPhase;
			buildActionMask = 2147483647;
			files = (
				4C7CB0B61EE8153C00F9737B /* ViewController.m in Sources */,
				4C39249B1EF283F10028CE81 /* UIView+WebCacheOperation.m in Sources */,
				4C56AE361F0256C3006D1598 /* HZYPicturePickerCell.m in Sources */,
				4C56AE3D1F0257FF006D1598 /* HZYImageScanView.m in Sources */,
				4C3924961EF283F10028CE81 /* UIButton+WebCache.m in Sources */,
				4C3924941EF283F10028CE81 /* SDWebImageManager.m in Sources */,
				4C7CB1041EE815D300F9737B /* NSArray+MASAdditions.m in Sources */,
				4C56AE411F025D21006D1598 /* HZYFormViewConfigurator.m in Sources */,
				4C7CB0DC1EE8154B00F9737B /* HZYFormViewCell.m in Sources */,
				4C7CB1051EE815D300F9737B /* NSLayoutConstraint+MASDebugAdditions.m in Sources */,
				4C56AE371F0256C3006D1598 /* HZYPicturePickerView.m in Sources */,
				4C3924921EF283F10028CE81 /* SDWebImageDownloader.m in Sources */,
				4C7CB0DF1EE8154B00F9737B /* HZYFormViewDataModel.m in Sources */,
				4C3924901EF283F10028CE81 /* SDWebImageCompat.m in Sources */,
				4C56AE3E1F0257FF006D1598 /* UIImageView+HZYImageScanView.m in Sources */,
				4C39249A1EF283F10028CE81 /* UIImageView+WebCache.m in Sources */,
				4C7CB1021EE815D300F9737B /* MASViewAttribute.m in Sources */,
				4C7CB1011EE815D300F9737B /* MASLayoutConstraint.m in Sources */,
				4C3924991EF283F10028CE81 /* UIImageView+HighlightedWebCache.m in Sources */,
				4C7CB0FE1EE815D300F9737B /* MASCompositeConstraint.m in Sources */,
				4C39248F1EF283F10028CE81 /* SDImageCache.m in Sources */,
				4C7CB0DA1EE8154B00F9737B /* HZYFormSectionHeaderView.m in Sources */,
				4C3924981EF283F10028CE81 /* UIImage+MultiFormat.m in Sources */,
				4C3924931EF283F10028CE81 /* SDWebImageDownloaderOperation.m in Sources */,
				4C39249E1EF288860028CE81 /* HZYDatePicker.m in Sources */,
				4C7CB0DE1EE8154B00F9737B /* HZYFormViewCellSubViews.m in Sources */,
				4C7CB1031EE815D300F9737B /* MASViewConstraint.m in Sources */,
				4CA7F1BB1EF2A922009208B4 /* MMSelectorView.m in Sources */,
				4C7CB0B31EE8153C00F9737B /* AppDelegate.m in Sources */,
				4C7CB0DB1EE8154B00F9737B /* HZYFormView.m in Sources */,
				4C39248E1EF283F10028CE81 /* NSData+ImageContentType.m in Sources */,
				4C7CB1071EE815D300F9737B /* ViewController+MASAdditions.m in Sources */,
				4C3924911EF283F10028CE81 /* SDWebImageDecoder.m in Sources */,
				4C7CB1001EE815D300F9737B /* MASConstraintMaker.m in Sources */,
				4C7CB0B01EE8153C00F9737B /* main.m in Sources */,
				4C7CB0FF1EE815D300F9737B /* MASConstraint.m in Sources */,
				4C7CB0DD1EE8154B00F9737B /* HZYFormVIewCellSubViewCreater.m in Sources */,
				4C3924951EF283F10028CE81 /* SDWebImagePrefetcher.m in Sources */,
				4C3924971EF283F10028CE81 /* UIImage+GIF.m in Sources */,
				4C7CB1061EE815D300F9737B /* View+MASAdditions.m in Sources */,
			);
			runOnlyForDeploymentPostprocessing = 0;
		};
/* End PBXSourcesBuildPhase section */

/* Begin PBXVariantGroup section */
		4C7CB0B71EE8153C00F9737B /* Main.storyboard */ = {
			isa = PBXVariantGroup;
			children = (
				4C7CB0B81EE8153C00F9737B /* Base */,
			);
			name = Main.storyboard;
			sourceTree = "<group>";
		};
		4C7CB0BC1EE8153C00F9737B /* LaunchScreen.storyboard */ = {
			isa = PBXVariantGroup;
			children = (
				4C7CB0BD1EE8153C00F9737B /* Base */,
			);
			name = LaunchScreen.storyboard;
			sourceTree = "<group>";
		};
/* End PBXVariantGroup section */

/* Begin XCBuildConfiguration section */
		4C7CB0C01EE8153C00F9737B /* Debug */ = {
			isa = XCBuildConfiguration;
			buildSettings = {
				ALWAYS_SEARCH_USER_PATHS = NO;
				CLANG_ANALYZER_NONNULL = YES;
				CLANG_ANALYZER_NUMBER_OBJECT_CONVERSION = YES_AGGRESSIVE;
				CLANG_CXX_LANGUAGE_STANDARD = "gnu++0x";
				CLANG_CXX_LIBRARY = "libc++";
				CLANG_ENABLE_MODULES = YES;
				CLANG_ENABLE_OBJC_ARC = YES;
				CLANG_WARN_BOOL_CONVERSION = YES;
				CLANG_WARN_CONSTANT_CONVERSION = YES;
				CLANG_WARN_DIRECT_OBJC_ISA_USAGE = YES_ERROR;
				CLANG_WARN_DOCUMENTATION_COMMENTS = YES;
				CLANG_WARN_EMPTY_BODY = YES;
				CLANG_WARN_ENUM_CONVERSION = YES;
				CLANG_WARN_INFINITE_RECURSION = YES;
				CLANG_WARN_INT_CONVERSION = YES;
				CLANG_WARN_OBJC_ROOT_CLASS = YES_ERROR;
				CLANG_WARN_SUSPICIOUS_MOVE = YES;
				CLANG_WARN_UNREACHABLE_CODE = YES;
				CLANG_WARN__DUPLICATE_METHOD_MATCH = YES;
				"CODE_SIGN_IDENTITY[sdk=iphoneos*]" = "iPhone Developer";
				COPY_PHASE_STRIP = NO;
				DEBUG_INFORMATION_FORMAT = dwarf;
				ENABLE_STRICT_OBJC_MSGSEND = YES;
				ENABLE_TESTABILITY = YES;
				GCC_C_LANGUAGE_STANDARD = gnu99;
				GCC_DYNAMIC_NO_PIC = NO;
				GCC_NO_COMMON_BLOCKS = YES;
				GCC_OPTIMIZATION_LEVEL = 0;
				GCC_PREPROCESSOR_DEFINITIONS = (
					"DEBUG=1",
					"$(inherited)",
				);
				GCC_WARN_64_TO_32_BIT_CONVERSION = YES;
				GCC_WARN_ABOUT_RETURN_TYPE = YES_ERROR;
				GCC_WARN_UNDECLARED_SELECTOR = YES;
				GCC_WARN_UNINITIALIZED_AUTOS = YES_AGGRESSIVE;
				GCC_WARN_UNUSED_FUNCTION = YES;
				GCC_WARN_UNUSED_VARIABLE = YES;
				IPHONEOS_DEPLOYMENT_TARGET = 10.3;
				MTL_ENABLE_DEBUG_INFO = YES;
				ONLY_ACTIVE_ARCH = YES;
				SDKROOT = iphoneos;
			};
			name = Debug;
		};
		4C7CB0C11EE8153C00F9737B /* Release */ = {
			isa = XCBuildConfiguration;
			buildSettings = {
				ALWAYS_SEARCH_USER_PATHS = NO;
				CLANG_ANALYZER_NONNULL = YES;
				CLANG_ANALYZER_NUMBER_OBJECT_CONVERSION = YES_AGGRESSIVE;
				CLANG_CXX_LANGUAGE_STANDARD = "gnu++0x";
				CLANG_CXX_LIBRARY = "libc++";
				CLANG_ENABLE_MODULES = YES;
				CLANG_ENABLE_OBJC_ARC = YES;
				CLANG_WARN_BOOL_CONVERSION = YES;
				CLANG_WARN_CONSTANT_CONVERSION = YES;
				CLANG_WARN_DIRECT_OBJC_ISA_USAGE = YES_ERROR;
				CLANG_WARN_DOCUMENTATION_COMMENTS = YES;
				CLANG_WARN_EMPTY_BODY = YES;
				CLANG_WARN_ENUM_CONVERSION = YES;
				CLANG_WARN_INFINITE_RECURSION = YES;
				CLANG_WARN_INT_CONVERSION = YES;
				CLANG_WARN_OBJC_ROOT_CLASS = YES_ERROR;
				CLANG_WARN_SUSPICIOUS_MOVE = YES;
				CLANG_WARN_UNREACHABLE_CODE = YES;
				CLANG_WARN__DUPLICATE_METHOD_MATCH = YES;
				"CODE_SIGN_IDENTITY[sdk=iphoneos*]" = "iPhone Developer";
				COPY_PHASE_STRIP = NO;
				DEBUG_INFORMATION_FORMAT = "dwarf-with-dsym";
				ENABLE_NS_ASSERTIONS = NO;
				ENABLE_STRICT_OBJC_MSGSEND = YES;
				GCC_C_LANGUAGE_STANDARD = gnu99;
				GCC_NO_COMMON_BLOCKS = YES;
				GCC_WARN_64_TO_32_BIT_CONVERSION = YES;
				GCC_WARN_ABOUT_RETURN_TYPE = YES_ERROR;
				GCC_WARN_UNDECLARED_SELECTOR = YES;
				GCC_WARN_UNINITIALIZED_AUTOS = YES_AGGRESSIVE;
				GCC_WARN_UNUSED_FUNCTION = YES;
				GCC_WARN_UNUSED_VARIABLE = YES;
				IPHONEOS_DEPLOYMENT_TARGET = 10.3;
				MTL_ENABLE_DEBUG_INFO = NO;
				SDKROOT = iphoneos;
				VALIDATE_PRODUCT = YES;
			};
			name = Release;
		};
		4C7CB0C31EE8153C00F9737B /* Debug */ = {
			isa = XCBuildConfiguration;
			buildSettings = {
				ASSETCATALOG_COMPILER_APPICON_NAME = AppIcon;
				DEVELOPMENT_TEAM = 65BZ7J45PP;
				INFOPLIST_FILE = HZYFormView/Info.plist;
				LD_RUNPATH_SEARCH_PATHS = "$(inherited) @executable_path/Frameworks";
				PRODUCT_BUNDLE_IDENTIFIER = com.Michael.HZYFormView;
				PRODUCT_NAME = "$(TARGET_NAME)";
			};
			name = Debug;
		};
		4C7CB0C41EE8153C00F9737B /* Release */ = {
			isa = XCBuildConfiguration;
			buildSettings = {
				ASSETCATALOG_COMPILER_APPICON_NAME = AppIcon;
				DEVELOPMENT_TEAM = 65BZ7J45PP;
				INFOPLIST_FILE = HZYFormView/Info.plist;
				LD_RUNPATH_SEARCH_PATHS = "$(inherited) @executable_path/Frameworks";
				PRODUCT_BUNDLE_IDENTIFIER = com.Michael.HZYFormView;
				PRODUCT_NAME = "$(TARGET_NAME)";
			};
			name = Release;
		};
/* End XCBuildConfiguration section */

/* Begin XCConfigurationList section */
		4C7CB0A61EE8153C00F9737B /* Build configuration list for PBXProject "HZYFormView" */ = {
			isa = XCConfigurationList;
			buildConfigurations = (
				4C7CB0C01EE8153C00F9737B /* Debug */,
				4C7CB0C11EE8153C00F9737B /* Release */,
			);
			defaultConfigurationIsVisible = 0;
			defaultConfigurationName = Release;
		};
		4C7CB0C21EE8153C00F9737B /* Build configuration list for PBXNativeTarget "HZYFormView" */ = {
			isa = XCConfigurationList;
			buildConfigurations = (
				4C7CB0C31EE8153C00F9737B /* Debug */,
				4C7CB0C41EE8153C00F9737B /* Release */,
			);
			defaultConfigurationIsVisible = 0;
			defaultConfigurationName = Release;
		};
/* End XCConfigurationList section */
	};
	rootObject = 4C7CB0A31EE8153C00F9737B /* Project object */;
}
